# THIS IS AN AUTOGENERATED FILE. DO NOT EDIT THIS FILE DIRECTLY.
# yarn lockfile v1


"@reshadow/core@^0.0.1-alpha.64":
  version "0.0.1-alpha.64"
  resolved "https://registry.yarnpkg.com/@reshadow/core/-/core-0.0.1-alpha.64.tgz#284985b94796d2f090504b68fc9fd32435a97e81"
  integrity sha512-lyq2Km+vv6uOLleQXa2drpw9AcT2Udq1HEuvFOz7ye6ocLTd1Xme3nZ83wxeW3jrn1qjojn7dxifui0WAjbq9g==
