# THIS IS AN AUTOGENERATED FILE. DO NOT EDIT THIS FILE DIRECTLY.
# yarn lockfile v1


"@emotion/stylis@0.8.4":
  version "0.8.4"
  resolved "https://registry.yarnpkg.com/@emotion/stylis/-/stylis-0.8.4.tgz#6c51afdf1dd0d73666ba09d2eb6c25c220d6fe4c"
  integrity sha512-TLmkCVm8f8gH0oLv+HWKiu7e8xmBIaokhxcEKPh1m8pXiV/akCiq50FvYgOwY42rjejck8nsdQxZlXZ7pmyBUQ==

"@emotion/unitless@0.7.4":
  version "0.7.4"
  resolved "https://registry.yarnpkg.com/@emotion/unitless/-/unitless-0.7.4.tgz#a87b4b04e5ae14a88d48ebef15015f6b7d1f5677"
  integrity sha512-kBa+cDHOR9jpRJ+kcGMsysrls0leukrm68DmFQoMIWQcXdr2cZvyvypWuGYT7U+9kAExUE7+T7r6G3C3A6L8MQ==

"@reshadow/core@^0.0.1-alpha.64":
  version "0.0.1-alpha.64"
  resolved "https://registry.yarnpkg.com/@reshadow/core/-/core-0.0.1-alpha.64.tgz#284985b94796d2f090504b68fc9fd32435a97e81"
  integrity sha512-lyq2Km+vv6uOLleQXa2drpw9AcT2Udq1HEuvFOz7ye6ocLTd1Xme3nZ83wxeW3jrn1qjojn7dxifui0WAjbq9g==

string-hash@^1.1.3:
  version "1.1.3"
  resolved "https://registry.yarnpkg.com/string-hash/-/string-hash-1.1.3.tgz#e8aafc0ac1855b4666929ed7dd1275df5d6c811b"
  integrity sha1-6Kr8CsGFW0Zmkp7X3RJ1311sgRs=
