# THIS IS AN AUTOGENERATED FILE. DO NOT EDIT THIS FILE DIRECTLY.
# yarn lockfile v1


"@types/node@*":
  version "12.0.2"
  resolved "https://registry.yarnpkg.com/@types/node/-/node-12.0.2.tgz#3452a24edf9fea138b48fad4a0a028a683da1e40"
  integrity sha512-5tabW/i+9mhrfEOUcLDu2xBPsHJ+X5Orqy9FKpale3SjDA17j5AEpYq5vfy3oAeAHGcvANRCO3NV3d2D6q3NiA==

airbnb-prop-types@^2.13.2:
  version "2.13.2"
  resolved "https://registry.yarnpkg.com/airbnb-prop-types/-/airbnb-prop-types-2.13.2.tgz#43147a5062dd2a4a5600e748a47b64004cc5f7fc"
  integrity sha512-2FN6DlHr6JCSxPPi25EnqGaXC4OC3/B3k1lCd6MMYrZ51/Gf/1qDfaR+JElzWa+Tl7cY2aYOlsYJGFeQyVHIeQ==
  dependencies:
    array.prototype.find "^2.0.4"
    function.prototype.name "^1.1.0"
    has "^1.0.3"
    is-regex "^1.0.4"
    object-is "^1.0.1"
    object.assign "^4.1.0"
    object.entries "^1.1.0"
    prop-types "^15.7.2"
    prop-types-exact "^1.2.0"
    react-is "^16.8.6"

array-filter@^1.0.0:
  version "1.0.0"
  resolved "https://registry.yarnpkg.com/array-filter/-/array-filter-1.0.0.tgz#baf79e62e6ef4c2a4c0b831232daffec251f9d83"
  integrity sha1-uveeYubvTCpMC4MSMtr/7CUfnYM=

array.prototype.find@^2.0.4:
  version "2.0.4"
  resolved "https://registry.yarnpkg.com/array.prototype.find/-/array.prototype.find-2.0.4.tgz#556a5c5362c08648323ddaeb9de9d14bc1864c90"
  integrity sha1-VWpcU2LAhkgyPdrrnenRS8GGTJA=
  dependencies:
    define-properties "^1.1.2"
    es-abstract "^1.7.0"

array.prototype.flat@^1.2.1:
  version "1.2.1"
  resolved "https://registry.yarnpkg.com/array.prototype.flat/-/array.prototype.flat-1.2.1.tgz#812db8f02cad24d3fab65dd67eabe3b8903494a4"
  integrity sha512-rVqIs330nLJvfC7JqYvEWwqVr5QjYF1ib02i3YJtR/fICO6527Tjpc/e4Mvmxh3GIePPreRXMdaGyC99YphWEw==
  dependencies:
    define-properties "^1.1.2"
    es-abstract "^1.10.0"
    function-bind "^1.1.1"

boolbase@~1.0.0:
  version "1.0.0"
  resolved "https://registry.yarnpkg.com/boolbase/-/boolbase-1.0.0.tgz#68dff5fbe60c51eb37725ea9e3ed310dcc1e776e"
  integrity sha1-aN/1++YMUes3cl6p4+0xDcwed24=

cheerio@^1.0.0-rc.2:
  version "1.0.0-rc.3"
  resolved "https://registry.yarnpkg.com/cheerio/-/cheerio-1.0.0-rc.3.tgz#094636d425b2e9c0f4eb91a46c05630c9a1a8bf6"
  integrity sha512-0td5ijfUPuubwLUu0OBoe98gZj8C/AA+RW3v67GPlGOrvxWjZmBXiBCRU+I8VEiNyJzjth40POfHiz2RB3gImA==
  dependencies:
    css-select "~1.2.0"
    dom-serializer "~0.1.1"
    entities "~1.1.1"
    htmlparser2 "^3.9.1"
    lodash "^4.15.0"
    parse5 "^3.0.1"

commander@^2.19.0:
  version "2.20.0"
  resolved "https://registry.yarnpkg.com/commander/-/commander-2.20.0.tgz#d58bb2b5c1ee8f87b0d340027e9e94e222c5a422"
  integrity sha512-7j2y+40w61zy6YC2iRNpUe/NwhNyoXrYpHMrSunaMG64nRnaf96zO/KMQR4OyN/UnE5KLyEBnKHd4aG3rskjpQ==

css-select@~1.2.0:
  version "1.2.0"
  resolved "https://registry.yarnpkg.com/css-select/-/css-select-1.2.0.tgz#2b3a110539c5355f1cd8d314623e870b121ec858"
  integrity sha1-KzoRBTnFNV8c2NMUYj6HCxIeyFg=
  dependencies:
    boolbase "~1.0.0"
    css-what "2.1"
    domutils "1.5.1"
    nth-check "~1.0.1"

css-what@2.1:
  version "2.1.3"
  resolved "https://registry.yarnpkg.com/css-what/-/css-what-2.1.3.tgz#a6d7604573365fe74686c3f311c56513d88285f2"
  integrity sha512-a+EPoD+uZiNfh+5fxw2nO9QwFa6nJe2Or35fGY6Ipw1R3R4AGz1d1TEZrCegvw2YTmZ0jXirGYlzxxpYSHwpEg==

define-properties@^1.1.2, define-properties@^1.1.3:
  version "1.1.3"
  resolved "https://registry.yarnpkg.com/define-properties/-/define-properties-1.1.3.tgz#cf88da6cbee26fe6db7094f61d870cbd84cee9f1"
  integrity sha512-3MqfYKj2lLzdMSf8ZIZE/V+Zuy+BgD6f164e8K2w7dgnpKArBDerGYpM46IYYcjnkdPNMjPk9A6VFB8+3SKlXQ==
  dependencies:
    object-keys "^1.0.12"

discontinuous-range@1.0.0:
  version "1.0.0"
  resolved "https://registry.yarnpkg.com/discontinuous-range/-/discontinuous-range-1.0.0.tgz#e38331f0844bba49b9a9cb71c771585aab1bc65a"
  integrity sha1-44Mx8IRLukm5qctxx3FYWqsbxlo=

dom-serializer@0, dom-serializer@~0.1.1:
  version "0.1.1"
  resolved "https://registry.yarnpkg.com/dom-serializer/-/dom-serializer-0.1.1.tgz#1ec4059e284babed36eec2941d4a970a189ce7c0"
  integrity sha512-l0IU0pPzLWSHBcieZbpOKgkIn3ts3vAh7ZuFyXNwJxJXk/c4Gwj9xaTJwIDVQCXawWD0qb3IzMGH5rglQaO0XA==
  dependencies:
    domelementtype "^1.3.0"
    entities "^1.1.1"

domelementtype@1, domelementtype@^1.3.0, domelementtype@^1.3.1:
  version "1.3.1"
  resolved "https://registry.yarnpkg.com/domelementtype/-/domelementtype-1.3.1.tgz#d048c44b37b0d10a7f2a3d5fee3f4333d790481f"
  integrity sha512-BSKB+TSpMpFI/HOxCNr1O8aMOTZ8hT3pM3GQ0w/mWRmkhEDSFJkkyzz4XQsBV44BChwGkrDfMyjVD0eA2aFV3w==

domhandler@^2.3.0:
  version "2.4.2"
  resolved "https://registry.yarnpkg.com/domhandler/-/domhandler-2.4.2.tgz#8805097e933d65e85546f726d60f5eb88b44f803"
  integrity sha512-JiK04h0Ht5u/80fdLMCEmV4zkNh2BcoMFBmZ/91WtYZ8qVXSKjiw7fXMgFPnHcSZgOo3XdinHvmnDUeMf5R4wA==
  dependencies:
    domelementtype "1"

domutils@1.5.1:
  version "1.5.1"
  resolved "https://registry.yarnpkg.com/domutils/-/domutils-1.5.1.tgz#dcd8488a26f563d61079e48c9f7b7e32373682cf"
  integrity sha1-3NhIiib1Y9YQeeSMn3t+Mjc2gs8=
  dependencies:
    dom-serializer "0"
    domelementtype "1"

domutils@^1.5.1:
  version "1.7.0"
  resolved "https://registry.yarnpkg.com/domutils/-/domutils-1.7.0.tgz#56ea341e834e06e6748af7a1cb25da67ea9f8c2a"
  integrity sha512-Lgd2XcJ/NjEw+7tFvfKxOzCYKZsdct5lczQ2ZaQY8Djz7pfAD3Gbp8ySJWtreII/vDlMVmxwa6pHmdxIYgttDg==
  dependencies:
    dom-serializer "0"
    domelementtype "1"

entities@^1.1.1, entities@~1.1.1:
  version "1.1.2"
  resolved "https://registry.yarnpkg.com/entities/-/entities-1.1.2.tgz#bdfa735299664dfafd34529ed4f8522a275fea56"
  integrity sha512-f2LZMYl1Fzu7YSBKg+RoROelpOaNrcGmE9AZubeDfrCEia483oW4MI4VyFd5VNHIgQ/7qm1I0wUHK1eJnn2y2w==

enzyme-adapter-react-16@^1.7.1:
  version "1.13.0"
  resolved "https://registry.yarnpkg.com/enzyme-adapter-react-16/-/enzyme-adapter-react-16-1.13.0.tgz#530e4aed3c127d7a7c5c7f4f634ad9ba65f719f6"
  integrity sha512-ZUVo9XATKrKavfe9v61EiYDu6V1NJCKtJyp1X2ILPgtuGQ58bItUR9uWwH6gzKJNww3sUiXM826jIiwPgO9iVQ==
  dependencies:
    enzyme-adapter-utils "^1.12.0"
    object.assign "^4.1.0"
    object.values "^1.1.0"
    prop-types "^15.7.2"
    react-is "^16.8.6"
    react-test-renderer "^16.0.0-0"
    semver "^5.6.0"

enzyme-adapter-utils@^1.12.0:
  version "1.12.0"
  resolved "https://registry.yarnpkg.com/enzyme-adapter-utils/-/enzyme-adapter-utils-1.12.0.tgz#96e3730d76b872f593e54ce1c51fa3a451422d93"
  integrity sha512-wkZvE0VxcFx/8ZsBw0iAbk3gR1d9hK447ebnSYBf95+r32ezBq+XDSAvRErkc4LZosgH8J7et7H7/7CtUuQfBA==
  dependencies:
    airbnb-prop-types "^2.13.2"
    function.prototype.name "^1.1.0"
    object.assign "^4.1.0"
    object.fromentries "^2.0.0"
    prop-types "^15.7.2"
    semver "^5.6.0"

enzyme@^3.8.0:
  version "3.9.0"
  resolved "https://registry.yarnpkg.com/enzyme/-/enzyme-3.9.0.tgz#2b491f06ca966eb56b6510068c7894a7e0be3909"
  integrity sha512-JqxI2BRFHbmiP7/UFqvsjxTirWoM1HfeaJrmVSZ9a1EADKkZgdPcAuISPMpoUiHlac9J4dYt81MC5BBIrbJGMg==
  dependencies:
    array.prototype.flat "^1.2.1"
    cheerio "^1.0.0-rc.2"
    function.prototype.name "^1.1.0"
    has "^1.0.3"
    html-element-map "^1.0.0"
    is-boolean-object "^1.0.0"
    is-callable "^1.1.4"
    is-number-object "^1.0.3"
    is-regex "^1.0.4"
    is-string "^1.0.4"
    is-subset "^0.1.1"
    lodash.escape "^4.0.1"
    lodash.isequal "^4.5.0"
    object-inspect "^1.6.0"
    object-is "^1.0.1"
    object.assign "^4.1.0"
    object.entries "^1.0.4"
    object.values "^1.0.4"
    raf "^3.4.0"
    rst-selector-parser "^2.2.3"
    string.prototype.trim "^1.1.2"

es-abstract@^1.10.0, es-abstract@^1.11.0, es-abstract@^1.12.0, es-abstract@^1.5.0, es-abstract@^1.7.0:
  version "1.13.0"
  resolved "https://registry.yarnpkg.com/es-abstract/-/es-abstract-1.13.0.tgz#ac86145fdd5099d8dd49558ccba2eaf9b88e24e9"
  integrity sha512-vDZfg/ykNxQVwup/8E1BZhVzFfBxs9NqMzGcvIJrqg5k2/5Za2bWo40dK2J1pgLngZ7c+Shh8lwYtLGyrwPutg==
  dependencies:
    es-to-primitive "^1.2.0"
    function-bind "^1.1.1"
    has "^1.0.3"
    is-callable "^1.1.4"
    is-regex "^1.0.4"
    object-keys "^1.0.12"

es-to-primitive@^1.2.0:
  version "1.2.0"
  resolved "https://registry.yarnpkg.com/es-to-primitive/-/es-to-primitive-1.2.0.tgz#edf72478033456e8dda8ef09e00ad9650707f377"
  integrity sha512-qZryBOJjV//LaxLTV6UC//WewneB3LcXOL9NP++ozKVXsIIIpm/2c13UDiD9Jp2eThsecw9m3jPqDwTyobcdbg==
  dependencies:
    is-callable "^1.1.4"
    is-date-object "^1.0.1"
    is-symbol "^1.0.2"

function-bind@^1.0.2, function-bind@^1.1.1:
  version "1.1.1"
  resolved "https://registry.yarnpkg.com/function-bind/-/function-bind-1.1.1.tgz#a56899d3ea3c9bab874bb9773b7c5ede92f4895d"
  integrity sha512-yIovAzMX49sF8Yl58fSCWJ5svSLuaibPxXQJFLmBObTuCr0Mf1KiPopGM9NiFjiYBCbfaa2Fh6breQ6ANVTI0A==

function.prototype.name@^1.1.0:
  version "1.1.0"
  resolved "https://registry.yarnpkg.com/function.prototype.name/-/function.prototype.name-1.1.0.tgz#8bd763cc0af860a859cc5d49384d74b932cd2327"
  integrity sha512-Bs0VRrTz4ghD8pTmbJQD1mZ8A/mN0ur/jGz+A6FBxPDUPkm1tNfF6bhTYPA7i7aF4lZJVr+OXTNNrnnIl58Wfg==
  dependencies:
    define-properties "^1.1.2"
    function-bind "^1.1.1"
    is-callable "^1.1.3"

has-symbols@^1.0.0:
  version "1.0.0"
  resolved "https://registry.yarnpkg.com/has-symbols/-/has-symbols-1.0.0.tgz#ba1a8f1af2a0fc39650f5c850367704122063b44"
  integrity sha1-uhqPGvKg/DllD1yFA2dwQSIGO0Q=

has@^1.0.1, has@^1.0.3:
  version "1.0.3"
  resolved "https://registry.yarnpkg.com/has/-/has-1.0.3.tgz#722d7cbfc1f6aa8241f16dd814e011e1f41e8796"
  integrity sha512-f2dvO0VU6Oej7RkWJGrehjbzMAjFp5/VKPp5tTpWIV4JHHZK1/BxbFRtf/siA2SWTe09caDmVtYYzWEIbBS4zw==
  dependencies:
    function-bind "^1.1.1"

html-element-map@^1.0.0:
  version "1.0.1"
  resolved "https://registry.yarnpkg.com/html-element-map/-/html-element-map-1.0.1.tgz#3c4fcb4874ebddfe4283b51c8994e7713782b592"
  integrity sha512-BZSfdEm6n706/lBfXKWa4frZRZcT5k1cOusw95ijZsHlI+GdgY0v95h6IzO3iIDf2ROwq570YTwqNPqHcNMozw==
  dependencies:
    array-filter "^1.0.0"

htmlparser2@^3.9.1:
  version "3.10.1"
  resolved "https://registry.yarnpkg.com/htmlparser2/-/htmlparser2-3.10.1.tgz#bd679dc3f59897b6a34bb10749c855bb53a9392f"
  integrity sha512-IgieNijUMbkDovyoKObU1DUhm1iwNYE/fuifEoEHfd1oZKZDaONBSkal7Y01shxsM49R4XaMdGez3WnF9UfiCQ==
  dependencies:
    domelementtype "^1.3.1"
    domhandler "^2.3.0"
    domutils "^1.5.1"
    entities "^1.1.1"
    inherits "^2.0.1"
    readable-stream "^3.1.1"

inherits@^2.0.1, inherits@^2.0.3:
  version "2.0.3"
  resolved "https://registry.yarnpkg.com/inherits/-/inherits-2.0.3.tgz#633c2c83e3da42a502f52466022480f4208261de"
  integrity sha1-Yzwsg+PaQqUC9SRmAiSA9CCCYd4=

is-boolean-object@^1.0.0:
  version "1.0.0"
  resolved "https://registry.yarnpkg.com/is-boolean-object/-/is-boolean-object-1.0.0.tgz#98f8b28030684219a95f375cfbd88ce3405dff93"
  integrity sha1-mPiygDBoQhmpXzdc+9iM40Bd/5M=

is-callable@^1.1.3, is-callable@^1.1.4:
  version "1.1.4"
  resolved "https://registry.yarnpkg.com/is-callable/-/is-callable-1.1.4.tgz#1e1adf219e1eeb684d691f9d6a05ff0d30a24d75"
  integrity sha512-r5p9sxJjYnArLjObpjA4xu5EKI3CuKHkJXMhT7kwbpUyIFD1n5PMAsoPvWnvtZiNz7LjkYDRZhd7FlI0eMijEA==

is-date-object@^1.0.1:
  version "1.0.1"
  resolved "https://registry.yarnpkg.com/is-date-object/-/is-date-object-1.0.1.tgz#9aa20eb6aeebbff77fbd33e74ca01b33581d3a16"
  integrity sha1-mqIOtq7rv/d/vTPnTKAbM1gdOhY=

is-number-object@^1.0.3:
  version "1.0.3"
  resolved "https://registry.yarnpkg.com/is-number-object/-/is-number-object-1.0.3.tgz#f265ab89a9f445034ef6aff15a8f00b00f551799"
  integrity sha1-8mWrian0RQNO9q/xWo8AsA9VF5k=

is-regex@^1.0.4:
  version "1.0.4"
  resolved "https://registry.yarnpkg.com/is-regex/-/is-regex-1.0.4.tgz#5517489b547091b0930e095654ced25ee97e9491"
  integrity sha1-VRdIm1RwkbCTDglWVM7SXul+lJE=
  dependencies:
    has "^1.0.1"

is-string@^1.0.4:
  version "1.0.4"
  resolved "https://registry.yarnpkg.com/is-string/-/is-string-1.0.4.tgz#cc3a9b69857d621e963725a24caeec873b826e64"
  integrity sha1-zDqbaYV9Yh6WNyWiTK7shzuCbmQ=

is-subset@^0.1.1:
  version "0.1.1"
  resolved "https://registry.yarnpkg.com/is-subset/-/is-subset-0.1.1.tgz#8a59117d932de1de00f245fcdd39ce43f1e939a6"
  integrity sha1-ilkRfZMt4d4A8kX83TnOQ/HpOaY=

is-symbol@^1.0.2:
  version "1.0.2"
  resolved "https://registry.yarnpkg.com/is-symbol/-/is-symbol-1.0.2.tgz#a055f6ae57192caee329e7a860118b497a950f38"
  integrity sha512-HS8bZ9ox60yCJLH9snBpIwv9pYUAkcuLhSA1oero1UB5y9aiQpRA8y2ex945AOtCZL1lJDeIk3G5LthswI46Lw==
  dependencies:
    has-symbols "^1.0.0"

"js-tokens@^3.0.0 || ^4.0.0":
  version "4.0.0"
  resolved "https://registry.yarnpkg.com/js-tokens/-/js-tokens-4.0.0.tgz#19203fb59991df98e3a287050d4647cdeaf32499"
  integrity sha512-RdJUflcE3cUzKiMqQgsCu06FPu9UdIJO0beYbPhHN4k6apgJtifcoCtT9bcxOpYBtpD2kCM6Sbzg4CausW/PKQ==

lodash.escape@^4.0.1:
  version "4.0.1"
  resolved "https://registry.yarnpkg.com/lodash.escape/-/lodash.escape-4.0.1.tgz#c9044690c21e04294beaa517712fded1fa88de98"
  integrity sha1-yQRGkMIeBClL6qUXcS/e0fqI3pg=

lodash.flattendeep@^4.4.0:
  version "4.4.0"
  resolved "https://registry.yarnpkg.com/lodash.flattendeep/-/lodash.flattendeep-4.4.0.tgz#fb030917f86a3134e5bc9bec0d69e0013ddfedb2"
  integrity sha1-+wMJF/hqMTTlvJvsDWngAT3f7bI=

lodash.isequal@^4.5.0:
  version "4.5.0"
  resolved "https://registry.yarnpkg.com/lodash.isequal/-/lodash.isequal-4.5.0.tgz#415c4478f2bcc30120c22ce10ed3226f7d3e18e0"
  integrity sha1-QVxEePK8wwEgwizhDtMib30+GOA=

lodash@4.17.14, lodash@^4.15.0:
  version "4.17.14"
  resolved "https://registry.yarnpkg.com/lodash/-/lodash-4.17.14.tgz#9ce487ae66c96254fe20b599f21b6816028078ba"
  integrity sha512-mmKYbW3GLuJeX+iGP+Y7Gp1AiGHGbXHCOh/jZmrawMmsE7MS4znI3RL2FsjbqOyMayHInjOeykW7PEajUk1/xw==

loose-envify@^1.1.0, loose-envify@^1.4.0:
  version "1.4.0"
  resolved "https://registry.yarnpkg.com/loose-envify/-/loose-envify-1.4.0.tgz#71ee51fa7be4caec1a63839f7e682d8132d30caf"
  integrity sha512-lyuxPGr/Wfhrlem2CL/UcnUc1zcqKAImBDzukY7Y5F/yQiNdko6+fRLevlw1HgMySw7f611UIY408EtxRSoK3Q==
  dependencies:
    js-tokens "^3.0.0 || ^4.0.0"

moo@^0.4.3:
  version "0.4.3"
  resolved "https://registry.yarnpkg.com/moo/-/moo-0.4.3.tgz#3f847a26f31cf625a956a87f2b10fbc013bfd10e"
  integrity sha512-gFD2xGCl8YFgGHsqJ9NKRVdwlioeW3mI1iqfLNYQOv0+6JRwG58Zk9DIGQgyIaffSYaO1xsKnMaYzzNr1KyIAw==

nearley@^2.7.10:
  version "2.16.0"
  resolved "https://registry.yarnpkg.com/nearley/-/nearley-2.16.0.tgz#77c297d041941d268290ec84b739d0ee297e83a7"
  integrity sha512-Tr9XD3Vt/EujXbZBv6UAHYoLUSMQAxSsTnm9K3koXzjzNWY195NqALeyrzLZBKzAkL3gl92BcSogqrHjD8QuUg==
  dependencies:
    commander "^2.19.0"
    moo "^0.4.3"
    railroad-diagrams "^1.0.0"
    randexp "0.4.6"
    semver "^5.4.1"

nth-check@~1.0.1:
  version "1.0.2"
  resolved "https://registry.yarnpkg.com/nth-check/-/nth-check-1.0.2.tgz#b2bd295c37e3dd58a3bf0700376663ba4d9cf05c"
  integrity sha512-WeBOdju8SnzPN5vTUJYxYUxLeXpCaVP5i5e0LF8fg7WORF2Wd7wFX/pk0tYZk7s8T+J7VLy0Da6J1+wCT0AtHg==
  dependencies:
    boolbase "~1.0.0"

object-assign@^4.1.1:
  version "4.1.1"
  resolved "https://registry.yarnpkg.com/object-assign/-/object-assign-4.1.1.tgz#2109adc7965887cfc05cbbd442cac8bfbb360863"
  integrity sha1-IQmtx5ZYh8/AXLvUQsrIv7s2CGM=

object-inspect@^1.6.0:
  version "1.6.0"
  resolved "https://registry.yarnpkg.com/object-inspect/-/object-inspect-1.6.0.tgz#c70b6cbf72f274aab4c34c0c82f5167bf82cf15b"
  integrity sha512-GJzfBZ6DgDAmnuaM3104jR4s1Myxr3Y3zfIyN4z3UdqN69oSRacNK8UhnobDdC+7J2AHCjGwxQubNJfE70SXXQ==

object-is@^1.0.1:
  version "1.0.1"
  resolved "https://registry.yarnpkg.com/object-is/-/object-is-1.0.1.tgz#0aa60ec9989a0b3ed795cf4d06f62cf1ad6539b6"
  integrity sha1-CqYOyZiaCz7Xlc9NBvYs8a1lObY=

object-keys@^1.0.11, object-keys@^1.0.12:
  version "1.1.1"
  resolved "https://registry.yarnpkg.com/object-keys/-/object-keys-1.1.1.tgz#1c47f272df277f3b1daf061677d9c82e2322c60e"
  integrity sha512-NuAESUOUMrlIXOfHKzD6bpPu3tYt3xvjNdRIQ+FeT0lNb4K8WR70CaDxhuNguS2XG+GjkyMwOzsN5ZktImfhLA==

object.assign@^4.1.0:
  version "4.1.0"
  resolved "https://registry.yarnpkg.com/object.assign/-/object.assign-4.1.0.tgz#968bf1100d7956bb3ca086f006f846b3bc4008da"
  integrity sha512-exHJeq6kBKj58mqGyTQ9DFvrZC/eR6OwxzoM9YRoGBqrXYonaFyGiFMuc9VZrXf7DarreEwMpurG3dd+CNyW5w==
  dependencies:
    define-properties "^1.1.2"
    function-bind "^1.1.1"
    has-symbols "^1.0.0"
    object-keys "^1.0.11"

object.entries@^1.0.4, object.entries@^1.1.0:
  version "1.1.0"
  resolved "https://registry.yarnpkg.com/object.entries/-/object.entries-1.1.0.tgz#2024fc6d6ba246aee38bdb0ffd5cfbcf371b7519"
  integrity sha512-l+H6EQ8qzGRxbkHOd5I/aHRhHDKoQXQ8g0BYt4uSweQU1/J6dZUOyWh9a2Vky35YCKjzmgxOzta2hH6kf9HuXA==
  dependencies:
    define-properties "^1.1.3"
    es-abstract "^1.12.0"
    function-bind "^1.1.1"
    has "^1.0.3"

object.fromentries@^2.0.0:
  version "2.0.0"
  resolved "https://registry.yarnpkg.com/object.fromentries/-/object.fromentries-2.0.0.tgz#49a543d92151f8277b3ac9600f1e930b189d30ab"
  integrity sha512-9iLiI6H083uiqUuvzyY6qrlmc/Gz8hLQFOcb/Ri/0xXFkSNS3ctV+CbE6yM2+AnkYfOB3dGjdzC0wrMLIhQICA==
  dependencies:
    define-properties "^1.1.2"
    es-abstract "^1.11.0"
    function-bind "^1.1.1"
    has "^1.0.1"

object.values@^1.0.4, object.values@^1.1.0:
  version "1.1.0"
  resolved "https://registry.yarnpkg.com/object.values/-/object.values-1.1.0.tgz#bf6810ef5da3e5325790eaaa2be213ea84624da9"
  integrity sha512-8mf0nKLAoFX6VlNVdhGj31SVYpaNFtUnuoOXWyFEstsWRgU837AK+JYM0iAxwkSzGRbwn8cbFmgbyxj1j4VbXg==
  dependencies:
    define-properties "^1.1.3"
    es-abstract "^1.12.0"
    function-bind "^1.1.1"
    has "^1.0.3"

parse5@^3.0.1:
  version "3.0.3"
  resolved "https://registry.yarnpkg.com/parse5/-/parse5-3.0.3.tgz#042f792ffdd36851551cf4e9e066b3874ab45b5c"
  integrity sha512-rgO9Zg5LLLkfJF9E6CCmXlSE4UVceloys8JrFqCcHloC3usd/kJCyPDwH2SOlzix2j3xaP9sUX3e8+kvkuleAA==
  dependencies:
    "@types/node" "*"

performance-now@^2.1.0:
  version "2.1.0"
  resolved "https://registry.yarnpkg.com/performance-now/-/performance-now-2.1.0.tgz#6309f4e0e5fa913ec1c69307ae364b4b377c9e7b"
  integrity sha1-Ywn04OX6kT7BxpMHrjZLSzd8nns=

prop-types-exact@^1.2.0:
  version "1.2.0"
  resolved "https://registry.yarnpkg.com/prop-types-exact/-/prop-types-exact-1.2.0.tgz#825d6be46094663848237e3925a98c6e944e9869"
  integrity sha512-K+Tk3Kd9V0odiXFP9fwDHUYRyvK3Nun3GVyPapSIs5OBkITAm15W0CPFD/YKTkMUAbc0b9CUwRQp2ybiBIq+eA==
  dependencies:
    has "^1.0.3"
    object.assign "^4.1.0"
    reflect.ownkeys "^0.2.0"

prop-types@^15.6.2, prop-types@^15.7.2:
  version "15.7.2"
  resolved "https://registry.yarnpkg.com/prop-types/-/prop-types-15.7.2.tgz#52c41e75b8c87e72b9d9360e0206b99dcbffa6c5"
  integrity sha512-8QQikdH7//R2vurIJSutZ1smHYTcLpRWEOlHnzcWHmBYrOGUysKwSsrC89BCiFj3CbrfJ/nXFdJepOVrY1GCHQ==
  dependencies:
    loose-envify "^1.4.0"
    object-assign "^4.1.1"
    react-is "^16.8.1"

raf@^3.4.0:
  version "3.4.1"
  resolved "https://registry.yarnpkg.com/raf/-/raf-3.4.1.tgz#0742e99a4a6552f445d73e3ee0328af0ff1ede39"
  integrity sha512-Sq4CW4QhwOHE8ucn6J34MqtZCeWFP2aQSmrlroYgqAV1PjStIhJXxYuTgUIfkEk7zTLjmIjLmU5q+fbD1NnOJA==
  dependencies:
    performance-now "^2.1.0"

railroad-diagrams@^1.0.0:
  version "1.0.0"
  resolved "https://registry.yarnpkg.com/railroad-diagrams/-/railroad-diagrams-1.0.0.tgz#eb7e6267548ddedfb899c1b90e57374559cddb7e"
  integrity sha1-635iZ1SN3t+4mcG5Dlc3RVnN234=

randexp@0.4.6:
  version "0.4.6"
  resolved "https://registry.yarnpkg.com/randexp/-/randexp-0.4.6.tgz#e986ad5e5e31dae13ddd6f7b3019aa7c87f60ca3"
  integrity sha512-80WNmd9DA0tmZrw9qQa62GPPWfuXJknrmVmLcxvq4uZBdYqb1wYoKTmnlGUchvVWe0XiLupYkBoXVOxz3C8DYQ==
  dependencies:
    discontinuous-range "1.0.0"
    ret "~0.1.10"

react-dom@^16.7.0:
  version "16.8.6"
  resolved "https://registry.yarnpkg.com/react-dom/-/react-dom-16.8.6.tgz#71d6303f631e8b0097f56165ef608f051ff6e10f"
  integrity sha512-1nL7PIq9LTL3fthPqwkvr2zY7phIPjYrT0jp4HjyEQrEROnw4dG41VVwi/wfoCneoleqrNX7iAD+pXebJZwrwA==
  dependencies:
    loose-envify "^1.1.0"
    object-assign "^4.1.1"
    prop-types "^15.6.2"
    scheduler "^0.13.6"

react-is@^16.8.1, react-is@^16.8.6:
  version "16.8.6"
  resolved "https://registry.yarnpkg.com/react-is/-/react-is-16.8.6.tgz#5bbc1e2d29141c9fbdfed456343fe2bc430a6a16"
  integrity sha512-aUk3bHfZ2bRSVFFbbeVS4i+lNPZr3/WM5jT2J5omUVV1zzcs1nAaf3l51ctA5FFvCRbhrH0bdAsRRQddFJZPtA==

react-test-renderer@^16.0.0-0:
  version "16.8.6"
  resolved "https://registry.yarnpkg.com/react-test-renderer/-/react-test-renderer-16.8.6.tgz#188d8029b8c39c786f998aa3efd3ffe7642d5ba1"
  integrity sha512-H2srzU5IWYT6cZXof6AhUcx/wEyJddQ8l7cLM/F7gDXYyPr4oq+vCIxJYXVGhId1J706sqziAjuOEjyNkfgoEw==
  dependencies:
    object-assign "^4.1.1"
    prop-types "^15.6.2"
    react-is "^16.8.6"
    scheduler "^0.13.6"

react@^16.7.0:
  version "16.8.6"
  resolved "https://registry.yarnpkg.com/react/-/react-16.8.6.tgz#ad6c3a9614fd3a4e9ef51117f54d888da01f2bbe"
  integrity sha512-pC0uMkhLaHm11ZSJULfOBqV4tIZkx87ZLvbbQYunNixAAvjnC+snJCg0XQXn9VIsttVsbZP/H/ewzgsd5fxKXw==
  dependencies:
    loose-envify "^1.1.0"
    object-assign "^4.1.1"
    prop-types "^15.6.2"
    scheduler "^0.13.6"

readable-stream@^3.1.1:
  version "3.3.0"
  resolved "https://registry.yarnpkg.com/readable-stream/-/readable-stream-3.3.0.tgz#cb8011aad002eb717bf040291feba8569c986fb9"
  integrity sha512-EsI+s3k3XsW+fU8fQACLN59ky34AZ14LoeVZpYwmZvldCFo0r0gnelwF2TcMjLor/BTL5aDJVBMkss0dthToPw==
  dependencies:
    inherits "^2.0.3"
    string_decoder "^1.1.1"
    util-deprecate "^1.0.1"

reflect.ownkeys@^0.2.0:
  version "0.2.0"
  resolved "https://registry.yarnpkg.com/reflect.ownkeys/-/reflect.ownkeys-0.2.0.tgz#749aceec7f3fdf8b63f927a04809e90c5c0b3460"
  integrity sha1-dJrO7H8/34tj+SegSAnpDFwLNGA=

ret@~0.1.10:
  version "0.1.15"
  resolved "https://registry.yarnpkg.com/ret/-/ret-0.1.15.tgz#b8a4825d5bdb1fc3f6f53c2bc33f81388681c7bc"
  integrity sha512-TTlYpa+OL+vMMNG24xSlQGEJ3B/RzEfUlLct7b5G/ytav+wPrplCpVMFuwzXbkecJrb6IYo1iFb0S9v37754mg==

rst-selector-parser@^2.2.3:
  version "2.2.3"
  resolved "https://registry.yarnpkg.com/rst-selector-parser/-/rst-selector-parser-2.2.3.tgz#81b230ea2fcc6066c89e3472de794285d9b03d91"
  integrity sha1-gbIw6i/MYGbInjRy3nlChdmwPZE=
  dependencies:
    lodash.flattendeep "^4.4.0"
    nearley "^2.7.10"

safe-buffer@~5.1.0:
  version "5.1.2"
  resolved "https://registry.yarnpkg.com/safe-buffer/-/safe-buffer-5.1.2.tgz#991ec69d296e0313747d59bdfd2b745c35f8828d"
  integrity sha512-Gd2UZBJDkXlY7GbJxfsE8/nvKkUEU1G38c1siN6QP6a9PT9MmHB8GnpscSmMJSoF8LOIrt8ud/wPtojys4G6+g==

scheduler@^0.13.6:
  version "0.13.6"
  resolved "https://registry.yarnpkg.com/scheduler/-/scheduler-0.13.6.tgz#466a4ec332467b31a91b9bf74e5347072e4cd889"
  integrity sha512-IWnObHt413ucAYKsD9J1QShUKkbKLQQHdxRyw73sw4FN26iWr3DY/H34xGPe4nmL1DwXyWmSWmMrA9TfQbE/XQ==
  dependencies:
    loose-envify "^1.1.0"
    object-assign "^4.1.1"

semver@^5.4.1, semver@^5.6.0:
  version "5.7.0"
  resolved "https://registry.yarnpkg.com/semver/-/semver-5.7.0.tgz#790a7cf6fea5459bac96110b29b60412dc8ff96b"
  integrity sha512-Ya52jSX2u7QKghxeoFGpLwCtGlt7j0oY9DYb5apt9nPlJ42ID+ulTXESnt/qAQcoSERyZ5sl3LDIOw0nAn/5DA==

string.prototype.trim@^1.1.2:
  version "1.1.2"
  resolved "https://registry.yarnpkg.com/string.prototype.trim/-/string.prototype.trim-1.1.2.tgz#d04de2c89e137f4d7d206f086b5ed2fae6be8cea"
  integrity sha1-0E3iyJ4Tf019IG8Ia17S+ua+jOo=
  dependencies:
    define-properties "^1.1.2"
    es-abstract "^1.5.0"
    function-bind "^1.0.2"

string_decoder@^1.1.1:
  version "1.2.0"
  resolved "https://registry.yarnpkg.com/string_decoder/-/string_decoder-1.2.0.tgz#fe86e738b19544afe70469243b2a1ee9240eae8d"
  integrity sha512-6YqyX6ZWEYguAxgZzHGL7SsCeGx3V2TtOTqZz1xSTSWnqsbWwbptafNyvf/ACquZUXV3DANr5BDIwNYe1mN42w==
  dependencies:
    safe-buffer "~5.1.0"

util-deprecate@^1.0.1:
  version "1.0.2"
  resolved "https://registry.yarnpkg.com/util-deprecate/-/util-deprecate-1.0.2.tgz#450d4dc9fa70de732762fbd2d4a28981419a0ccf"
  integrity sha1-RQ1Nyfpw3nMnYvvS1KKJgUGaDM8=
